
Microsoft Visual Studio Solution File, Format Version 11.00
# Visual Studio 2010
# SharpDevelop 5.1
Project("{FAE04EC0-301F-11D3-BF4B-00C04F79EFBC}") = "MORERVAVARGASISAAC-TareaII", "MORERVAVARGASISAAC-TareaII\MORERVAVARGASISAAC-TareaII.csproj", "{7BCE3D28-C553-4887-94F2-E871C09F75EC}"
EndProject
Global
	GlobalSection(SolutionConfigurationPlatforms) = preSolution
		Debug|Any CPU = Debug|Any CPU
		Release|Any CPU = Release|Any CPU
	EndGlobalSection
	GlobalSection(ProjectConfigurationPlatforms) = postSolution
		{7BCE3D28-C553-4887-94F2-E871C09F75EC}.Debug|Any CPU.ActiveCfg = Debug|Any CPU
		{7BCE3D28-C553-4887-94F2-E871C09F75EC}.Debug|Any CPU.Build.0 = Debug|Any CPU
		{7BCE3D28-C553-4887-94F2-E871C09F75EC}.Release|Any CPU.ActiveCfg = Release|Any CPU
		{7BCE3D28-C553-4887-94F2-E871C09F75EC}.Release|Any CPU.Build.0 = Release|Any CPU
	EndGlobalSection
EndGlobal
